
Microsoft Visual Studio Solution File, Format Version 12.00
# Visual Studio Version 16
VisualStudioVersion = 16.0.30330.147
MinimumVisualStudioVersion = 10.0.40219.1
Project("{9A19103F-16F7-4668-BE54-9A1E7A4F7556}") = "BookInfoApp.WebAPI", "BookInfoApp.WebAPI\BookInfoApp.WebAPI.csproj", "{0C14D88C-CCB2-4EE2-B6D1-5BB3A3B83C45}"
EndProject
Project("{FAE04EC0-301F-11D3-BF4B-00C04F79EFBC}") = "BookInfoApp.Core", "BookInfoApp.Core\BookInfoApp.Core.csproj", "{E0BBF208-ADDF-4727-81B3-7C7B45278F18}"
EndProject
Project("{FAE04EC0-301F-11D3-BF4B-00C04F79EFBC}") = "BookInfoApp.DAL", "BookInfoApp.DAL\BookInfoApp.DAL.csproj", "{F845AC66-1BF9-4473-8F2B-91E61C8B9F5C}"
EndProject
Project("{FAE04EC0-301F-11D3-BF4B-00C04F79EFBC}") = "BookInfoApp.Services", "BookInfoApp.Services\BookInfoApp.Services.csproj", "{433E4E72-5223-4709-BB2E-DD7603BEE519}"
EndProject
Global
	GlobalSection(SolutionConfigurationPlatforms) = preSolution
		Debug|Any CPU = Debug|Any CPU
		Release|Any CPU = Release|Any CPU
	EndGlobalSection
	GlobalSection(ProjectConfigurationPlatforms) = postSolution
		{0C14D88C-CCB2-4EE2-B6D1-5BB3A3B83C45}.Debug|Any CPU.ActiveCfg = Debug|Any CPU
		{0C14D88C-CCB2-4EE2-B6D1-5BB3A3B83C45}.Debug|Any CPU.Build.0 = Debug|Any CPU
		{0C14D88C-CCB2-4EE2-B6D1-5BB3A3B83C45}.Release|Any CPU.ActiveCfg = Release|Any CPU
		{0C14D88C-CCB2-4EE2-B6D1-5BB3A3B83C45}.Release|Any CPU.Build.0 = Release|Any CPU
		{E0BBF208-ADDF-4727-81B3-7C7B45278F18}.Debug|Any CPU.ActiveCfg = Debug|Any CPU
		{E0BBF208-ADDF-4727-81B3-7C7B45278F18}.Debug|Any CPU.Build.0 = Debug|Any CPU
		{E0BBF208-ADDF-4727-81B3-7C7B45278F18}.Release|Any CPU.ActiveCfg = Release|Any CPU
		{E0BBF208-ADDF-4727-81B3-7C7B45278F18}.Release|Any CPU.Build.0 = Release|Any CPU
		{F845AC66-1BF9-4473-8F2B-91E61C8B9F5C}.Debug|Any CPU.ActiveCfg = Debug|Any CPU
		{F845AC66-1BF9-4473-8F2B-91E61C8B9F5C}.Debug|Any CPU.Build.0 = Debug|Any CPU
		{F845AC66-1BF9-4473-8F2B-91E61C8B9F5C}.Release|Any CPU.ActiveCfg = Release|Any CPU
		{F845AC66-1BF9-4473-8F2B-91E61C8B9F5C}.Release|Any CPU.Build.0 = Release|Any CPU
		{433E4E72-5223-4709-BB2E-DD7603BEE519}.Debug|Any CPU.ActiveCfg = Debug|Any CPU
		{433E4E72-5223-4709-BB2E-DD7603BEE519}.Debug|Any CPU.Build.0 = Debug|Any CPU
		{433E4E72-5223-4709-BB2E-DD7603BEE519}.Release|Any CPU.ActiveCfg = Release|Any CPU
		{433E4E72-5223-4709-BB2E-DD7603BEE519}.Release|Any CPU.Build.0 = Release|Any CPU
	EndGlobalSection
	GlobalSection(SolutionProperties) = preSolution
		HideSolutionNode = FALSE
	EndGlobalSection
	GlobalSection(ExtensibilityGlobals) = postSolution
		SolutionGuid = {5250C1A6-9EC3-49BC-AE0F-C8CC929E97DD}
	EndGlobalSection
EndGlobal
